
Microsoft Visual Studio Solution File, Format Version 12.00
# Visual Studio Version 17
VisualStudioVersion = 17.7.34031.279
MinimumVisualStudioVersion = 10.0.40219.1
Project("{9A19103F-16F7-4668-BE54-9A1E7A4F7556}") = "ApplicationClinicAPI", "ApplicationClinicAPI.csproj", "{A30F274C-3675-485B-9D73-C487B6FB7D75}"
EndProject
Global
	GlobalSection(SolutionConfigurationPlatforms) = preSolution
		Debug|Any CPU = Debug|Any CPU
		Release|Any CPU = Release|Any CPU
	EndGlobalSection
	GlobalSection(ProjectConfigurationPlatforms) = postSolution
		{A30F274C-3675-485B-9D73-C487B6FB7D75}.Debug|Any CPU.ActiveCfg = Debug|Any CPU
		{A30F274C-3675-485B-9D73-C487B6FB7D75}.Debug|Any CPU.Build.0 = Debug|Any CPU
		{A30F274C-3675-485B-9D73-C487B6FB7D75}.Release|Any CPU.ActiveCfg = Release|Any CPU
		{A30F274C-3675-485B-9D73-C487B6FB7D75}.Release|Any CPU.Build.0 = Release|Any CPU
	EndGlobalSection
	GlobalSection(SolutionProperties) = preSolution
		HideSolutionNode = FALSE
	EndGlobalSection
	GlobalSection(ExtensibilityGlobals) = postSolution
		SolutionGuid = {879BCE9B-46B6-4A47-A9F1-5A534553B1AC}
	EndGlobalSection
EndGlobal
